
Microsoft Visual Studio Solution File, Format Version 12.00
# Visual Studio Version 17
VisualStudioVersion = 17.13.35825.156 d17.13
MinimumVisualStudioVersion = 10.0.40219.1
Project("{FAE04EC0-301F-11D3-BF4B-00C04F79EFBC}") = "Proyecto_Stock_IQ", "Proyecto_Stock_IQ\Proyecto_Stock_IQ.csproj", "{97A46BDD-BFE1-4BD0-BD2D-EFEB8217BFD9}"
EndProject
Global
	GlobalSection(SolutionConfigurationPlatforms) = preSolution
		Debug|Any CPU = Debug|Any CPU
		Release|Any CPU = Release|Any CPU
	EndGlobalSection
	GlobalSection(ProjectConfigurationPlatforms) = postSolution
		{97A46BDD-BFE1-4BD0-BD2D-EFEB8217BFD9}.Debug|Any CPU.ActiveCfg = Debug|Any CPU
		{97A46BDD-BFE1-4BD0-BD2D-EFEB8217BFD9}.Debug|Any CPU.Build.0 = Debug|Any CPU
		{97A46BDD-BFE1-4BD0-BD2D-EFEB8217BFD9}.Release|Any CPU.ActiveCfg = Release|Any CPU
		{97A46BDD-BFE1-4BD0-BD2D-EFEB8217BFD9}.Release|Any CPU.Build.0 = Release|Any CPU
	EndGlobalSection
	GlobalSection(SolutionProperties) = preSolution
		HideSolutionNode = FALSE
	EndGlobalSection
	GlobalSection(ExtensibilityGlobals) = postSolution
		SolutionGuid = {F3B8FAFF-684F-440A-8658-75DF6F19054D}
	EndGlobalSection
EndGlobal
